
Microsoft Visual Studio Solution File, Format Version 12.00
# Visual Studio Version 16
VisualStudioVersion = 16.0.30523.141
MinimumVisualStudioVersion = 10.0.40219.1
Project("{FAE04EC0-301F-11D3-BF4B-00C04F79EFBC}") = "EcbCurrencyRates", "EcbCurrencyRates.csproj", "{5AF65D05-E197-4470-BA0D-FC4E87819446}"
EndProject
Global
	GlobalSection(SolutionConfigurationPlatforms) = preSolution
		Debug|Any CPU = Debug|Any CPU
		Release|Any CPU = Release|Any CPU
	EndGlobalSection
	GlobalSection(ProjectConfigurationPlatforms) = postSolution
		{5AF65D05-E197-4470-BA0D-FC4E87819446}.Debug|Any CPU.ActiveCfg = Debug|Any CPU
		{5AF65D05-E197-4470-BA0D-FC4E87819446}.Debug|Any CPU.Build.0 = Debug|Any CPU
		{5AF65D05-E197-4470-BA0D-FC4E87819446}.Release|Any CPU.ActiveCfg = Release|Any CPU
		{5AF65D05-E197-4470-BA0D-FC4E87819446}.Release|Any CPU.Build.0 = Release|Any CPU
	EndGlobalSection
	GlobalSection(SolutionProperties) = preSolution
		HideSolutionNode = FALSE
	EndGlobalSection
	GlobalSection(ExtensibilityGlobals) = postSolution
		SolutionGuid = {CF590CD4-C71D-4E83-98AC-E682A4CF0964}
	EndGlobalSection
EndGlobal
